github.com/fatih/color v1.16.0 h1:zmkK9Ngbjj+K0yRhTVONQh1p/HknKYSlNT+vZCzyokM=
github.com/fatih/color v1.16.0/go.mod h1:fL2Sau1YI5c0pdGEVCbKQbLXB6edEj1ZgiY4NijnWvE=
github.com/google/go-cmp v0.6.0 h1:ofyhxvXcZhMsU5ulbFiLKl/XBFqE1GSq7atu8tAmTRI=
github.com/google/go-cmp v0.6.0/go.mod h1:17dUlkBOakJ0+DkrSSNjCkIjxS6bF9zb3elmeNGIjoY=
github.com/google/uuid v1.4.0 h1:MtMxsa51/r9yyhkyLsVeVt0B+BGQZzpQiTQ4eHZ8bc4=
github.com/google/uuid v1.4.0/go.mod h1:TIyPZe4MgqvfeYDBFedMoGGpEw/LqOeaOT+nhxU+yHo=
github.com/google/uuid v1.6.0 h1:NIvaJDMOsjHA8n1jAhLSgzrAzy1Hgr+hNrb57e+94F0=
github.com/google/uuid v1.6.0/go.mod h1:TIyPZe4MgqvfeYDBFedMoGGpEw/LqOeaOT+nhxU+yHo=
github.com/k0kubun/pp/v3 v3.2.0 h1:h33hNTZ9nVFNP3u2Fsgz8JXiF5JINoZfFq4SvKJwNcs=
github.com/k0kubun/pp/v3 v3.2.0/go.mod h1:ODtJQbQcIRfAD3N+theGCV1m/CBxweERz2dapdz1EwA=
github.com/m-mizutani/goerr v0.1.11 h1:noTEk8jNOVl/ST/Qfn0q7lMA13/ygzyl1PxaD4hHti4=
github.com/m-mizutani/goerr v0.1.11/go.mod h1:64HHjaK/ZjCy3VMaqrcZvinirVZkIBUxU21ml3WgMU4=
github.com/m-mizutani/goerr/v2 v2.0.0-alpha.1 h1:GYie4ZqS51Z7J6mTp+WN1o6ryVJQLwhAz8RIY9oZeMo=
github.com/m-mizutani/goerr/v2 v2.0.0-alpha.1/go.mod h1:K9+tBb0+0681yHpyHYqJmoijxn9qJf5grjRb9nMXevc=
github.com/m-mizutani/goerr/v2 v2.0.0-alpha.1.0.20250108231337-0b64a5f93f03 h1:ZI/rCxcLHxlfcBfjjoLWYTRR1plHDQVN7qBtbME3DEk=
github.com/m-mizutani/goerr/v2 v2.0.0-alpha.1.0.20250108231337-0b64a5f93f03/go.mod h1:K9+tBb0+0681yHpyHYqJmoijxn9qJf5grjRb9nMXevc=
github.com/m-mizutani/gt v0.0.7 h1:wKESp5LWdKpKMySX4Rf05iXYUGtoQ3aI7xOO9VVHAoY=
github.com/m-mizutani/gt v0.0.7/go.mod h1:0MPYSfGBLmYjTduzADVmIqD58ELQ5IfBFiK/f0FmB3k=
github.com/mattn/go-colorable v0.1.13 h1:fFA4WZxdEF4tXPZVKMLwD8oUnCTTo08duU7wxecdEvA=
github.com/mattn/go-colorable v0.1.13/go.mod h1:7S9/ev0klgBDR4GtXTXX8a3vIGJpMovkB8vQcUbaXHg=
github.com/mattn/go-isatty v0.0.16/go.mod h1:kYGgaQfpe5nmfYZH+SKPsOc2e4SrIfOl2e/yFXSvRLM=
github.com/mattn/go-isatty v0.0.20 h1:xfD0iDuEKnDkl03q4limB+vH+GxLEtL/jb4xVJSWWEY=
github.com/mattn/go-isatty v0.0.20/go.mod h1:W+V8PltTTMOvKvAeJH7IuucS94S2C6jfK/D7dTCTo3Y=
golang.org/x/sys v0.0.0-20220811171246-fbc7d0a398ab/go.mod h1:oPkhp1MJrh7nUepCBck5+mAzfO9JrbApNNgaTdGDITg=
golang.org/x/sys v0.6.0/go.mod h1:oPkhp1MJrh7nUepCBck5+mAzfO9JrbApNNgaTdGDITg=
golang.org/x/sys v0.14.0 h1:Vz7Qs629MkJkGyHxUlRHizWJRG2j8fbQKjELVSNhy7Q=
golang.org/x/sys v0.14.0/go.mod h1:/VUhepiaJMQUp4+oa/7Zr1D23ma6VTLIYjOOTFZPUcA=
golang.org/x/text v0.14.0 h1:ScX5w1eTa3QqT8oi6+ziP7dTV1S2+ALU0bI+0zXKWiQ=
golang.org/x/text v0.14.0/go.mod h1:18ZOQIKpY8NJVqYksKHtTdi31H5itFRjB5/qKTNYzSU=
